
Microsoft Visual Studio Solution File, Format Version 12.00
# Visual Studio Version 16
VisualStudioVersion = 16.0.32929.386
MinimumVisualStudioVersion = 10.0.40219.1
Project("{9A19103F-16F7-4668-BE54-9A1E7A4F7556}") = "LearnScience.Core", "LearnScience.Core\LearnScience.Core.csproj", "{9980BD4F-B74B-4248-997F-EE90B528029C}"
EndProject
Project("{9A19103F-16F7-4668-BE54-9A1E7A4F7556}") = "LearnScience.Web", "LearnScience.Web\LearnScience.Web.csproj", "{54C78E93-1903-463E-96EA-05F1FE513AA6}"
EndProject
Project("{FAE04EC0-301F-11D3-BF4B-00C04F79EFBC}") = "LearnScience.DAL", "LearnScience.DAL\LearnScience.DAL.csproj", "{A81D693F-FD6B-4F5B-99C6-6502EF8FFCBB}"
EndProject
Global
	GlobalSection(SolutionConfigurationPlatforms) = preSolution
		Debug|Any CPU = Debug|Any CPU
		Release|Any CPU = Release|Any CPU
	EndGlobalSection
	GlobalSection(ProjectConfigurationPlatforms) = postSolution
		{9980BD4F-B74B-4248-997F-EE90B528029C}.Debug|Any CPU.ActiveCfg = Debug|Any CPU
		{9980BD4F-B74B-4248-997F-EE90B528029C}.Debug|Any CPU.Build.0 = Debug|Any CPU
		{9980BD4F-B74B-4248-997F-EE90B528029C}.Release|Any CPU.ActiveCfg = Release|Any CPU
		{9980BD4F-B74B-4248-997F-EE90B528029C}.Release|Any CPU.Build.0 = Release|Any CPU
		{54C78E93-1903-463E-96EA-05F1FE513AA6}.Debug|Any CPU.ActiveCfg = Debug|Any CPU
		{54C78E93-1903-463E-96EA-05F1FE513AA6}.Debug|Any CPU.Build.0 = Debug|Any CPU
		{54C78E93-1903-463E-96EA-05F1FE513AA6}.Release|Any CPU.ActiveCfg = Release|Any CPU
		{54C78E93-1903-463E-96EA-05F1FE513AA6}.Release|Any CPU.Build.0 = Release|Any CPU
		{A81D693F-FD6B-4F5B-99C6-6502EF8FFCBB}.Debug|Any CPU.ActiveCfg = Debug|Any CPU
		{A81D693F-FD6B-4F5B-99C6-6502EF8FFCBB}.Debug|Any CPU.Build.0 = Debug|Any CPU
		{A81D693F-FD6B-4F5B-99C6-6502EF8FFCBB}.Release|Any CPU.ActiveCfg = Release|Any CPU
		{A81D693F-FD6B-4F5B-99C6-6502EF8FFCBB}.Release|Any CPU.Build.0 = Release|Any CPU
	EndGlobalSection
	GlobalSection(SolutionProperties) = preSolution
		HideSolutionNode = FALSE
	EndGlobalSection
	GlobalSection(ExtensibilityGlobals) = postSolution
		SolutionGuid = {6EE33B5B-837E-479F-8A81-C7FE6A21B097}
	EndGlobalSection
EndGlobal
